
Microsoft Visual Studio Solution File, Format Version 12.00
# Visual Studio Version 16
VisualStudioVersion = 16.0.31321.278
MinimumVisualStudioVersion = 10.0.40219.1
Project("{FAE04EC0-301F-11D3-BF4B-00C04F79EFBC}") = "Visionmore", "Visionmore.csproj", "{98A822B7-42C2-4F05-9D6C-BC3DF18332B1}"
EndProject
Global
	GlobalSection(SolutionConfigurationPlatforms) = preSolution
		Debug|Any CPU = Debug|Any CPU
		Release|Any CPU = Release|Any CPU
	EndGlobalSection
	GlobalSection(ProjectConfigurationPlatforms) = postSolution
		{98A822B7-42C2-4F05-9D6C-BC3DF18332B1}.Debug|Any CPU.ActiveCfg = Debug|Any CPU
		{98A822B7-42C2-4F05-9D6C-BC3DF18332B1}.Debug|Any CPU.Build.0 = Debug|Any CPU
		{98A822B7-42C2-4F05-9D6C-BC3DF18332B1}.Release|Any CPU.ActiveCfg = Release|Any CPU
		{98A822B7-42C2-4F05-9D6C-BC3DF18332B1}.Release|Any CPU.Build.0 = Release|Any CPU
	EndGlobalSection
	GlobalSection(SolutionProperties) = preSolution
		HideSolutionNode = FALSE
	EndGlobalSection
	GlobalSection(ExtensibilityGlobals) = postSolution
		SolutionGuid = {426A4FC8-87F4-404A-AC6B-365A81C803EB}
	EndGlobalSection
EndGlobal
